
Microsoft Visual Studio Solution File, Format Version 11.00
# Visual Studio 2010
Project("{8BC9CEB8-8B4A-11D0-8D11-00A0C91BC942}") = "mysqlDemo", "mysqlDemo\mysqlDemo.vcxproj", "{ACD80D72-7585-45D7-9735-324B6BBCB639}"
EndProject
Global
	GlobalSection(SolutionConfigurationPlatforms) = preSolution
		Debug|Win32 = Debug|Win32
		Release|Win32 = Release|Win32
	EndGlobalSection
	GlobalSection(ProjectConfigurationPlatforms) = postSolution
		{ACD80D72-7585-45D7-9735-324B6BBCB639}.Debug|Win32.ActiveCfg = Debug|Win32
		{ACD80D72-7585-45D7-9735-324B6BBCB639}.Debug|Win32.Build.0 = Debug|Win32
		{ACD80D72-7585-45D7-9735-324B6BBCB639}.Release|Win32.ActiveCfg = Release|Win32
		{ACD80D72-7585-45D7-9735-324B6BBCB639}.Release|Win32.Build.0 = Release|Win32
	EndGlobalSection
	GlobalSection(SolutionProperties) = preSolution
		HideSolutionNode = FALSE
	EndGlobalSection
EndGlobal
